{
  "name": "server",
  "version": "1.0.0",
  "lockfileVersion": 1,
  "requires": true,
  "dependencies": {
    "@types/events": {
      "version": "1.1.0",
      "resolved": "https://registry.npmjs.org/@types/events/-/events-1.1.0.tgz",
      "integrity": "sha512-y3bR98mzYOo0pAZuiLari+cQyiKk3UXRuT45h1RjhfeCzqkjaVsfZJNaxdgtk7/3tzOm1ozLTqEqMP3VbI48jw=="
    },
    "@types/node": {
      "version": "8.0.54",
      "resolved": "https://registry.npmjs.org/@types/node/-/node-8.0.54.tgz",
      "integrity": "sha512-qetMdTv3Ytz9u9ESLdcYs45LPI0mczYZIbC184n7kY0jczOqPNQsabBfVCh+na3B2shAfvC459JqHV771A8Rxg==",
      "requires": {
        "@types/events": "1.1.0"
      }
    }
  }
}
